
Microsoft Visual Studio Solution File, Format Version 12.00
# Visual Studio 15
VisualStudioVersion = 15.0.27703.2047
MinimumVisualStudioVersion = 10.0.40219.1
Project("{8BC9CEB8-8B4A-11D0-8D11-00A0C91BC942}") = "renderer", "renderer\renderer.vcxproj", "{B08EDA8E-1A47-48D0-97A2-10A2E5CE08C1}"
EndProject
Global
	GlobalSection(SolutionConfigurationPlatforms) = preSolution
		Debug|x64 = Debug|x64
		Debug|x86 = Debug|x86
		Release|x64 = Release|x64
		Release|x86 = Release|x86
	EndGlobalSection
	GlobalSection(ProjectConfigurationPlatforms) = postSolution
		{B08EDA8E-1A47-48D0-97A2-10A2E5CE08C1}.Debug|x64.ActiveCfg = Debug|x64
		{B08EDA8E-1A47-48D0-97A2-10A2E5CE08C1}.Debug|x64.Build.0 = Debug|x64
		{B08EDA8E-1A47-48D0-97A2-10A2E5CE08C1}.Debug|x86.ActiveCfg = Debug|Win32
		{B08EDA8E-1A47-48D0-97A2-10A2E5CE08C1}.Debug|x86.Build.0 = Debug|Win32
		{B08EDA8E-1A47-48D0-97A2-10A2E5CE08C1}.Release|x64.ActiveCfg = Release|x64
		{B08EDA8E-1A47-48D0-97A2-10A2E5CE08C1}.Release|x64.Build.0 = Release|x64
		{B08EDA8E-1A47-48D0-97A2-10A2E5CE08C1}.Release|x86.ActiveCfg = Release|Win32
		{B08EDA8E-1A47-48D0-97A2-10A2E5CE08C1}.Release|x86.Build.0 = Release|Win32
	EndGlobalSection
	GlobalSection(SolutionProperties) = preSolution
		HideSolutionNode = FALSE
	EndGlobalSection
	GlobalSection(ExtensibilityGlobals) = postSolution
		SolutionGuid = {D0A3A0B7-98D2-44FB-A773-7125685BDAB5}
	EndGlobalSection
EndGlobal
